{
  "name": "pangasinan-heritage",
  "version": "1.0.0",
  "description": "Pangasinan Heritage Digital Showcase",
  "private": true,
  "scripts": {
    "dev": "nuxt dev",
    "build": "nuxt build",
    "generate": "nuxt generate",
    "preview": "nuxt preview",
    "postinstall": "nuxt prepare"
  },
  "dependencies": {
    "nuxt": "^3.0.0"
  }
}